
Microsoft Visual Studio Solution File, Format Version 12.00
# Visual Studio Version 16
VisualStudioVersion = 16.0.29201.188
MinimumVisualStudioVersion = 10.0.40219.1
Project("{8BC9CEB8-8B4A-11D0-8D11-00A0C91BC942}") = "HuaWei_char_identify", "HuaWei_char_identify\HuaWei_char_identify.vcxproj", "{E5265C21-4807-46E9-960A-9C0AED5610A1}"
EndProject
Global
	GlobalSection(SolutionConfigurationPlatforms) = preSolution
		Debug|x64 = Debug|x64
		Debug|x86 = Debug|x86
		Release|x64 = Release|x64
		Release|x86 = Release|x86
	EndGlobalSection
	GlobalSection(ProjectConfigurationPlatforms) = postSolution
		{E5265C21-4807-46E9-960A-9C0AED5610A1}.Debug|x64.ActiveCfg = Debug|x64
		{E5265C21-4807-46E9-960A-9C0AED5610A1}.Debug|x64.Build.0 = Debug|x64
		{E5265C21-4807-46E9-960A-9C0AED5610A1}.Debug|x86.ActiveCfg = Debug|Win32
		{E5265C21-4807-46E9-960A-9C0AED5610A1}.Debug|x86.Build.0 = Debug|Win32
		{E5265C21-4807-46E9-960A-9C0AED5610A1}.Release|x64.ActiveCfg = Release|x64
		{E5265C21-4807-46E9-960A-9C0AED5610A1}.Release|x64.Build.0 = Release|x64
		{E5265C21-4807-46E9-960A-9C0AED5610A1}.Release|x86.ActiveCfg = Release|Win32
		{E5265C21-4807-46E9-960A-9C0AED5610A1}.Release|x86.Build.0 = Release|Win32
	EndGlobalSection
	GlobalSection(SolutionProperties) = preSolution
		HideSolutionNode = FALSE
	EndGlobalSection
	GlobalSection(ExtensibilityGlobals) = postSolution
		SolutionGuid = {752BE585-27CE-44EC-B5BE-CB98D0AA2E6A}
	EndGlobalSection
EndGlobal
