
Microsoft Visual Studio Solution File, Format Version 12.00
# Visual Studio 15
VisualStudioVersion = 15.0.28307.572
MinimumVisualStudioVersion = 10.0.40219.1
Project("{8BC9CEB8-8B4A-11D0-8D11-00A0C91BC942}") = "offer_lead", "offer_lead\offer_lead.vcxproj", "{6F36E9F6-5154-4B65-9F02-F39AD65A1134}"
EndProject
Global
	GlobalSection(SolutionConfigurationPlatforms) = preSolution
		Debug|x64 = Debug|x64
		Debug|x86 = Debug|x86
		Release|x64 = Release|x64
		Release|x86 = Release|x86
	EndGlobalSection
	GlobalSection(ProjectConfigurationPlatforms) = postSolution
		{6F36E9F6-5154-4B65-9F02-F39AD65A1134}.Debug|x64.ActiveCfg = Debug|x64
		{6F36E9F6-5154-4B65-9F02-F39AD65A1134}.Debug|x64.Build.0 = Debug|x64
		{6F36E9F6-5154-4B65-9F02-F39AD65A1134}.Debug|x86.ActiveCfg = Debug|Win32
		{6F36E9F6-5154-4B65-9F02-F39AD65A1134}.Debug|x86.Build.0 = Debug|Win32
		{6F36E9F6-5154-4B65-9F02-F39AD65A1134}.Release|x64.ActiveCfg = Release|x64
		{6F36E9F6-5154-4B65-9F02-F39AD65A1134}.Release|x64.Build.0 = Release|x64
		{6F36E9F6-5154-4B65-9F02-F39AD65A1134}.Release|x86.ActiveCfg = Release|Win32
		{6F36E9F6-5154-4B65-9F02-F39AD65A1134}.Release|x86.Build.0 = Release|Win32
	EndGlobalSection
	GlobalSection(SolutionProperties) = preSolution
		HideSolutionNode = FALSE
	EndGlobalSection
	GlobalSection(ExtensibilityGlobals) = postSolution
		SolutionGuid = {E2D334F1-6D0C-43FA-82EE-1F9FDC99CE5D}
	EndGlobalSection
EndGlobal
